{
  "version": 4,
  "terraform_version": "1.7.5",
  "serial": 76,
  "lineage": "fc661caf-87a4-d25d-95ed-a4de2b105da4",
  "outputs": {},
  "resources": [
    {
      "mode": "data",
      "type": "template_file",
      "name": "inventory",
      "provider": "provider[\"registry.terraform.io/hashicorp/template\"]",
      "instances": [
        {
          "schema_version": 0,
          "attributes": {
            "filename": null,
            "id": "367ec65ba25b966b6d0d7343c229e0bc2c5d92bcfd37bd591c51794a4b7a8fc3",
            "rendered": "[all]\nmaster-0 ansible_host=84.201.134.202 ansible_user=ubuntu\nwork-0 ansible_host=62.84.127.247 ansible_user=ubuntu\nwork-1 ansible_host=89.169.164.122 ansible_user=ubuntu\n\n[kube_control_plane]\nmaster-0\n\n[etcd]\nmaster-0\n\n[kube_node]\nwork-0\nwork-1\n\n[k8s_cluster:children]\nkube_control_plane\nkube_node",
            "template": "[all]\n${hosts_control}\n${hosts_work}\n\n[kube_control_plane]\n${list_master}\n\n[etcd]\n${list_master}\n\n[kube_node]\n${list_work}\n\n[k8s_cluster:children]\nkube_control_plane\nkube_node",
            "vars": {
              "hosts_control": "master-0 ansible_host=84.201.134.202 ansible_user=ubuntu",
              "hosts_work": "work-0 ansible_host=62.84.127.247 ansible_user=ubuntu\nwork-1 ansible_host=89.169.164.122 ansible_user=ubuntu",
              "list_master": "master-0",
              "list_work": "work-0\nwork-1"
            }
          },
          "sensitive_attributes": []
        }
      ]
    },
    {
      "mode": "managed",
      "type": "null_resource",
      "name": "inventory-rend",
      "provider": "provider[\"registry.terraform.io/hashicorp/null\"]",
      "instances": [
        {
          "schema_version": 0,
          "attributes": {
            "id": "4240103892300412037",
            "triggers": {
              "template": "[all]\nmaster-0 ansible_host=84.201.134.202 ansible_user=ubuntu\nwork-0 ansible_host=62.84.127.247 ansible_user=ubuntu\nwork-1 ansible_host=89.169.164.122 ansible_user=ubuntu\n\n[kube_control_plane]\nmaster-0\n\n[etcd]\nmaster-0\n\n[kube_node]\nwork-0\nwork-1\n\n[k8s_cluster:children]\nkube_control_plane\nkube_node"
            }
          },
          "sensitive_attributes": [],
          "dependencies": [
            "data.template_file.inventory",
            "yandex_compute_instance.master",
            "yandex_compute_instance.work",
            "yandex_vpc_network.subnet",
            "yandex_vpc_subnet.subnet"
          ]
        }
      ]
    },
    {
      "mode": "managed",
      "type": "yandex_compute_instance",
      "name": "master",
      "provider": "provider[\"registry.terraform.io/yandex-cloud/yandex\"]",
      "instances": [
        {
          "index_key": 0,
          "schema_version": 1,
          "attributes": {
            "allow_recreate": null,
            "allow_stopping_for_update": null,
            "boot_disk": [
              {
                "auto_delete": true,
                "device_name": "fhmhpqlvpjvenatqkr47",
                "disk_id": "fhmhpqlvpjvenatqkr47",
                "initialize_params": [
                  {
                    "block_size": 4096,
                    "description": "",
                    "image_id": "fd8clogg1kull9084s9o",
                    "name": "",
                    "size": 25,
                    "snapshot_id": "",
                    "type": "network-hdd"
                  }
                ],
                "mode": "READ_WRITE"
              }
            ],
            "created_at": "2024-08-04T09:26:24Z",
            "description": "",
            "filesystem": [],
            "folder_id": "b1gfqjnr717cnd3hdl42",
            "fqdn": "fhmg7s9gl848vel20gbq.auto.internal",
            "gpu_cluster_id": "",
            "hostname": "",
            "id": "fhmg7s9gl848vel20gbq",
            "labels": null,
            "local_disk": [],
            "maintenance_grace_period": "",
            "maintenance_policy": null,
            "metadata": {
              "ssh-keys": "ubuntu:ssh-ed25519 AAAAC3NzaC1lZDI1NTE5AAAAIN0idgJXK3owvfPns39Jo7dqIPtd4M/rKZSF+QbdNq/P maksim@DESKTOP-KV1P3C1\n"
            },
            "metadata_options": [
              {
                "aws_v1_http_endpoint": 1,
                "aws_v1_http_token": 2,
                "gce_http_endpoint": 1,
                "gce_http_token": 1
              }
            ],
            "name": "master-0",
            "network_acceleration_type": "standard",
            "network_interface": [
              {
                "dns_record": [],
                "index": 0,
                "ip_address": "192.168.10.16",
                "ipv4": true,
                "ipv6": false,
                "ipv6_address": "",
                "ipv6_dns_record": [],
                "mac_address": "d0:0d:10:3f:13:0a",
                "nat": true,
                "nat_dns_record": [],
                "nat_ip_address": "84.201.134.202",
                "nat_ip_version": "IPV4",
                "security_group_ids": [],
                "subnet_id": "e9bulb3qvfbgdkcgge8d"
              }
            ],
            "placement_policy": [
              {
                "host_affinity_rules": [],
                "placement_group_id": "",
                "placement_group_partition": 0
              }
            ],
            "platform_id": "standard-v1",
            "resources": [
              {
                "core_fraction": 20,
                "cores": 2,
                "gpus": 0,
                "memory": 4
              }
            ],
            "scheduling_policy": [
              {
                "preemptible": true
              }
            ],
            "secondary_disk": [],
            "service_account_id": "",
            "status": "running",
            "timeouts": null,
            "zone": "ru-central1-a"
          },
          "sensitive_attributes": [],
          "private": "eyJlMmJmYjczMC1lY2FhLTExZTYtOGY4OC0zNDM2M2JjN2M0YzAiOnsiY3JlYXRlIjozMDAwMDAwMDAwMDAsImRlbGV0ZSI6MzAwMDAwMDAwMDAwLCJ1cGRhdGUiOjMwMDAwMDAwMDAwMH0sInNjaGVtYV92ZXJzaW9uIjoiMSJ9",
          "dependencies": [
            "yandex_vpc_network.subnet",
            "yandex_vpc_subnet.subnet"
          ]
        }
      ]
    },
    {
      "mode": "managed",
      "type": "yandex_compute_instance",
      "name": "work",
      "provider": "provider[\"registry.terraform.io/yandex-cloud/yandex\"]",
      "instances": [
        {
          "index_key": 0,
          "schema_version": 1,
          "attributes": {
            "allow_recreate": null,
            "allow_stopping_for_update": null,
            "boot_disk": [
              {
                "auto_delete": true,
                "device_name": "fhmou9ua20u7g4ndrnao",
                "disk_id": "fhmou9ua20u7g4ndrnao",
                "initialize_params": [
                  {
                    "block_size": 4096,
                    "description": "",
                    "image_id": "fd8clogg1kull9084s9o",
                    "name": "",
                    "size": 25,
                    "snapshot_id": "",
                    "type": "network-hdd"
                  }
                ],
                "mode": "READ_WRITE"
              }
            ],
            "created_at": "2024-08-04T09:26:24Z",
            "description": "",
            "filesystem": [],
            "folder_id": "b1gfqjnr717cnd3hdl42",
            "fqdn": "fhmkk81oq0ejqtie4jj5.auto.internal",
            "gpu_cluster_id": "",
            "hostname": "",
            "id": "fhmkk81oq0ejqtie4jj5",
            "labels": {
              "index": "0"
            },
            "local_disk": [],
            "maintenance_grace_period": "",
            "maintenance_policy": null,
            "metadata": {
              "ssh-keys": "ubuntu:ssh-ed25519 AAAAC3NzaC1lZDI1NTE5AAAAIN0idgJXK3owvfPns39Jo7dqIPtd4M/rKZSF+QbdNq/P maksim@DESKTOP-KV1P3C1\n"
            },
            "metadata_options": [
              {
                "aws_v1_http_endpoint": 1,
                "aws_v1_http_token": 2,
                "gce_http_endpoint": 1,
                "gce_http_token": 1
              }
            ],
            "name": "work-0",
            "network_acceleration_type": "standard",
            "network_interface": [
              {
                "dns_record": [],
                "index": 0,
                "ip_address": "192.168.10.18",
                "ipv4": true,
                "ipv6": false,
                "ipv6_address": "",
                "ipv6_dns_record": [],
                "mac_address": "d0:0d:14:a2:03:8d",
                "nat": true,
                "nat_dns_record": [],
                "nat_ip_address": "62.84.127.247",
                "nat_ip_version": "IPV4",
                "security_group_ids": [],
                "subnet_id": "e9bulb3qvfbgdkcgge8d"
              }
            ],
            "placement_policy": [
              {
                "host_affinity_rules": [],
                "placement_group_id": "",
                "placement_group_partition": 0
              }
            ],
            "platform_id": "standard-v1",
            "resources": [
              {
                "core_fraction": 20,
                "cores": 2,
                "gpus": 0,
                "memory": 4
              }
            ],
            "scheduling_policy": [
              {
                "preemptible": true
              }
            ],
            "secondary_disk": [],
            "service_account_id": "",
            "status": "running",
            "timeouts": null,
            "zone": "ru-central1-a"
          },
          "sensitive_attributes": [],
          "private": "eyJlMmJmYjczMC1lY2FhLTExZTYtOGY4OC0zNDM2M2JjN2M0YzAiOnsiY3JlYXRlIjozMDAwMDAwMDAwMDAsImRlbGV0ZSI6MzAwMDAwMDAwMDAwLCJ1cGRhdGUiOjMwMDAwMDAwMDAwMH0sInNjaGVtYV92ZXJzaW9uIjoiMSJ9",
          "dependencies": [
            "yandex_vpc_network.subnet",
            "yandex_vpc_subnet.subnet"
          ]
        },
        {
          "index_key": 1,
          "schema_version": 1,
          "attributes": {
            "allow_recreate": null,
            "allow_stopping_for_update": null,
            "boot_disk": [
              {
                "auto_delete": true,
                "device_name": "epdmbbivc8uqm6kst138",
                "disk_id": "epdmbbivc8uqm6kst138",
                "initialize_params": [
                  {
                    "block_size": 4096,
                    "description": "",
                    "image_id": "fd8clogg1kull9084s9o",
                    "name": "",
                    "size": 25,
                    "snapshot_id": "",
                    "type": "network-hdd"
                  }
                ],
                "mode": "READ_WRITE"
              }
            ],
            "created_at": "2024-08-04T09:26:24Z",
            "description": "",
            "filesystem": [],
            "folder_id": "b1gfqjnr717cnd3hdl42",
            "fqdn": "epd9psp9oc1192lu1g4d.auto.internal",
            "gpu_cluster_id": "",
            "hostname": "",
            "id": "epd9psp9oc1192lu1g4d",
            "labels": {
              "index": "1"
            },
            "local_disk": [],
            "maintenance_grace_period": "",
            "maintenance_policy": null,
            "metadata": {
              "ssh-keys": "ubuntu:ssh-ed25519 AAAAC3NzaC1lZDI1NTE5AAAAIN0idgJXK3owvfPns39Jo7dqIPtd4M/rKZSF+QbdNq/P maksim@DESKTOP-KV1P3C1\n"
            },
            "metadata_options": [
              {
                "aws_v1_http_endpoint": 1,
                "aws_v1_http_token": 2,
                "gce_http_endpoint": 1,
                "gce_http_token": 1
              }
            ],
            "name": "work-1",
            "network_acceleration_type": "standard",
            "network_interface": [
              {
                "dns_record": [],
                "index": 0,
                "ip_address": "192.168.20.27",
                "ipv4": true,
                "ipv6": false,
                "ipv6_address": "",
                "ipv6_dns_record": [],
                "mac_address": "d0:0d:9c:f3:29:c3",
                "nat": true,
                "nat_dns_record": [],
                "nat_ip_address": "89.169.164.122",
                "nat_ip_version": "IPV4",
                "security_group_ids": [],
                "subnet_id": "e2lvjn93957lmf33gf47"
              }
            ],
            "placement_policy": [
              {
                "host_affinity_rules": [],
                "placement_group_id": "",
                "placement_group_partition": 0
              }
            ],
            "platform_id": "standard-v1",
            "resources": [
              {
                "core_fraction": 20,
                "cores": 2,
                "gpus": 0,
                "memory": 4
              }
            ],
            "scheduling_policy": [
              {
                "preemptible": true
              }
            ],
            "secondary_disk": [],
            "service_account_id": "",
            "status": "running",
            "timeouts": null,
            "zone": "ru-central1-b"
          },
          "sensitive_attributes": [],
          "private": "eyJlMmJmYjczMC1lY2FhLTExZTYtOGY4OC0zNDM2M2JjN2M0YzAiOnsiY3JlYXRlIjozMDAwMDAwMDAwMDAsImRlbGV0ZSI6MzAwMDAwMDAwMDAwLCJ1cGRhdGUiOjMwMDAwMDAwMDAwMH0sInNjaGVtYV92ZXJzaW9uIjoiMSJ9",
          "dependencies": [
            "yandex_vpc_network.subnet",
            "yandex_vpc_subnet.subnet"
          ]
        }
      ]
    },
    {
      "mode": "managed",
      "type": "yandex_iam_service_account",
      "name": "service-diplom",
      "provider": "provider[\"registry.terraform.io/yandex-cloud/yandex\"]",
      "instances": [
        {
          "schema_version": 0,
          "attributes": {
            "created_at": "2024-08-04T09:26:20Z",
            "description": "",
            "folder_id": "b1gfqjnr717cnd3hdl42",
            "id": "aje9p5lionqlkjvor936",
            "name": "service-diplom",
            "timeouts": null
          },
          "sensitive_attributes": [],
          "private": "eyJlMmJmYjczMC1lY2FhLTExZTYtOGY4OC0zNDM2M2JjN2M0YzAiOnsiY3JlYXRlIjo2MDAwMDAwMDAwMCwiZGVsZXRlIjo2MDAwMDAwMDAwMCwidXBkYXRlIjo2MDAwMDAwMDAwMH19"
        }
      ]
    },
    {
      "mode": "managed",
      "type": "yandex_iam_service_account_static_access_key",
      "name": "service-diplom",
      "provider": "provider[\"registry.terraform.io/yandex-cloud/yandex\"]",
      "instances": [
        {
          "schema_version": 0,
          "attributes": {
            "access_key": "YCAJEBMP2Rb1X2M8BLvafACa3",
            "created_at": "2024-08-04T09:26:20Z",
            "description": "Статичный ключ для хранилища бакета",
            "encrypted_secret_key": null,
            "id": "ajeat8hi4ql8kqeamh61",
            "key_fingerprint": null,
            "pgp_key": null,
            "secret_key": "YCPldswSqXyc_wIuP3mEom8N3uxzPrT3-OwY1YTO",
            "service_account_id": "ajeuv877ta6v60dla4ee"
          },
          "sensitive_attributes": [],
          "private": "bnVsbA=="
        }
      ]
    },
    {
      "mode": "managed",
      "type": "yandex_resourcemanager_folder_iam_member",
      "name": "izmenenie",
      "provider": "provider[\"registry.terraform.io/yandex-cloud/yandex\"]",
      "instances": [
        {
          "schema_version": 0,
          "attributes": {
            "folder_id": "b1gfqjnr717cnd3hdl42",
            "id": "b1gfqjnr717cnd3hdl42/editor/serviceAccount:aje9p5lionqlkjvor936",
            "member": "serviceAccount:aje9p5lionqlkjvor936",
            "role": "editor",
            "sleep_after": null,
            "timeouts": null
          },
          "sensitive_attributes": [],
          "private": "eyJlMmJmYjczMC1lY2FhLTExZTYtOGY4OC0zNDM2M2JjN2M0YzAiOnsiY3JlYXRlIjo2MDAwMDAwMDAwMCwiZGVmYXVsdCI6NjAwMDAwMDAwMDAsImRlbGV0ZSI6NjAwMDAwMDAwMDAsInJlYWQiOjYwMDAwMDAwMDAwLCJ1cGRhdGUiOjYwMDAwMDAwMDAwfX0=",
          "dependencies": [
            "yandex_iam_service_account.service-diplom"
          ]
        }
      ]
    },
    {
      "mode": "managed",
      "type": "yandex_resourcemanager_folder_iam_member",
      "name": "prosmotr",
      "provider": "provider[\"registry.terraform.io/yandex-cloud/yandex\"]",
      "instances": [
        {
          "schema_version": 0,
          "attributes": {
            "folder_id": "b1gfqjnr717cnd3hdl42",
            "id": "b1gfqjnr717cnd3hdl42/viewer/serviceAccount:aje9p5lionqlkjvor936",
            "member": "serviceAccount:aje9p5lionqlkjvor936",
            "role": "viewer",
            "sleep_after": null,
            "timeouts": null
          },
          "sensitive_attributes": [],
          "private": "eyJlMmJmYjczMC1lY2FhLTExZTYtOGY4OC0zNDM2M2JjN2M0YzAiOnsiY3JlYXRlIjo2MDAwMDAwMDAwMCwiZGVmYXVsdCI6NjAwMDAwMDAwMDAsImRlbGV0ZSI6NjAwMDAwMDAwMDAsInJlYWQiOjYwMDAwMDAwMDAwLCJ1cGRhdGUiOjYwMDAwMDAwMDAwfX0=",
          "dependencies": [
            "yandex_iam_service_account.service-diplom"
          ]
        }
      ]
    },
    {
      "mode": "managed",
      "type": "yandex_storage_bucket",
      "name": "bucket-diplom",
      "provider": "provider[\"registry.terraform.io/yandex-cloud/yandex\"]",
      "instances": [
        {
          "schema_version": 1,
          "attributes": {
            "access_key": "YCAJEBMP2Rb1X2M8BLvafACa3",
            "acl": null,
            "anonymous_access_flags": [
              {
                "config_read": null,
                "list": false,
                "read": false
              }
            ],
            "bucket": "diplome-bucket",
            "bucket_domain_name": "diplome-bucket.storage.yandexcloud.net",
            "bucket_prefix": null,
            "cors_rule": [],
            "default_storage_class": "STANDARD",
            "folder_id": "b1gfqjnr717cnd3hdl42",
            "force_destroy": false,
            "grant": [],
            "https": [],
            "id": "diplome-bucket",
            "lifecycle_rule": [],
            "logging": [],
            "max_size": 0,
            "object_lock_configuration": [],
            "policy": "",
            "secret_key": "YCPldswSqXyc_wIuP3mEom8N3uxzPrT3-OwY1YTO",
            "server_side_encryption_configuration": [],
            "tags": null,
            "versioning": [
              {
                "enabled": false
              }
            ],
            "website": [],
            "website_domain": null,
            "website_endpoint": null
          },
          "sensitive_attributes": [
            [
              {
                "type": "get_attr",
                "value": "secret_key"
              }
            ]
          ],
          "private": "eyJzY2hlbWFfdmVyc2lvbiI6IjEifQ==",
          "dependencies": [
            "yandex_iam_service_account_static_access_key.service-diplom"
          ]
        }
      ]
    },
    {
      "mode": "managed",
      "type": "yandex_vpc_network",
      "name": "subnet",
      "provider": "provider[\"registry.terraform.io/yandex-cloud/yandex\"]",
      "instances": [
        {
          "schema_version": 0,
          "attributes": {
            "created_at": "2024-08-04T09:26:20Z",
            "default_security_group_id": "enpci042a3cto3gfnjnl",
            "description": "",
            "folder_id": "b1gfqjnr717cnd3hdl42",
            "id": "enp0d7mj9mhi6o3dfld1",
            "labels": {},
            "name": "subnet",
            "subnet_ids": [],
            "timeouts": null
          },
          "sensitive_attributes": [],
          "private": "eyJlMmJmYjczMC1lY2FhLTExZTYtOGY4OC0zNDM2M2JjN2M0YzAiOnsiY3JlYXRlIjo2MDAwMDAwMDAwMCwiZGVsZXRlIjo2MDAwMDAwMDAwMCwidXBkYXRlIjo2MDAwMDAwMDAwMH19"
        }
      ]
    },
    {
      "mode": "managed",
      "type": "yandex_vpc_subnet",
      "name": "subnet",
      "provider": "provider[\"registry.terraform.io/yandex-cloud/yandex\"]",
      "instances": [
        {
          "index_key": 0,
          "schema_version": 0,
          "attributes": {
            "created_at": "2024-08-04T09:26:22Z",
            "description": "",
            "dhcp_options": [],
            "folder_id": "b1gfqjnr717cnd3hdl42",
            "id": "e9bulb3qvfbgdkcgge8d",
            "labels": {},
            "name": "subnet-ru-central1-a",
            "network_id": "enp0d7mj9mhi6o3dfld1",
            "route_table_id": "",
            "timeouts": null,
            "v4_cidr_blocks": [
              "192.168.10.0/24"
            ],
            "v6_cidr_blocks": [],
            "zone": "ru-central1-a"
          },
          "sensitive_attributes": [],
          "private": "eyJlMmJmYjczMC1lY2FhLTExZTYtOGY4OC0zNDM2M2JjN2M0YzAiOnsiY3JlYXRlIjoxODAwMDAwMDAwMDAsImRlbGV0ZSI6MTgwMDAwMDAwMDAwLCJ1cGRhdGUiOjE4MDAwMDAwMDAwMH19",
          "dependencies": [
            "yandex_vpc_network.subnet"
          ]
        },
        {
          "index_key": 1,
          "schema_version": 0,
          "attributes": {
            "created_at": "2024-08-04T09:26:22Z",
            "description": "",
            "dhcp_options": [],
            "folder_id": "b1gfqjnr717cnd3hdl42",
            "id": "e2lvjn93957lmf33gf47",
            "labels": {},
            "name": "subnet-ru-central1-b",
            "network_id": "enp0d7mj9mhi6o3dfld1",
            "route_table_id": "",
            "timeouts": null,
            "v4_cidr_blocks": [
              "192.168.20.0/24"
            ],
            "v6_cidr_blocks": [],
            "zone": "ru-central1-b"
          },
          "sensitive_attributes": [],
          "private": "eyJlMmJmYjczMC1lY2FhLTExZTYtOGY4OC0zNDM2M2JjN2M0YzAiOnsiY3JlYXRlIjoxODAwMDAwMDAwMDAsImRlbGV0ZSI6MTgwMDAwMDAwMDAwLCJ1cGRhdGUiOjE4MDAwMDAwMDAwMH19",
          "dependencies": [
            "yandex_vpc_network.subnet"
          ]
        },
        {
          "index_key": 2,
          "schema_version": 0,
          "attributes": {
            "created_at": "2024-08-04T09:26:23Z",
            "description": "",
            "dhcp_options": [],
            "folder_id": "b1gfqjnr717cnd3hdl42",
            "id": "fl8i1jug5rd4pm44vq83",
            "labels": {},
            "name": "subnet-ru-central1-d",
            "network_id": "enp0d7mj9mhi6o3dfld1",
            "route_table_id": "",
            "timeouts": null,
            "v4_cidr_blocks": [
              "192.168.30.0/24"
            ],
            "v6_cidr_blocks": [],
            "zone": "ru-central1-d"
          },
          "sensitive_attributes": [],
          "private": "eyJlMmJmYjczMC1lY2FhLTExZTYtOGY4OC0zNDM2M2JjN2M0YzAiOnsiY3JlYXRlIjoxODAwMDAwMDAwMDAsImRlbGV0ZSI6MTgwMDAwMDAwMDAwLCJ1cGRhdGUiOjE4MDAwMDAwMDAwMH19",
          "dependencies": [
            "yandex_vpc_network.subnet"
          ]
        }
      ]
    }
  ],
  "check_results": null
}
